// !$*UTF8*$!
{
	archiveVersion = 1;
	classes = {
	};
	objectVersion = 46;
	objects = {

/* Begin PBXBuildFile section */
		386E311719A6DA2800E785D5 /* Foundation.framework in Frameworks */ = {isa = PBXBuildFile; fileRef = 386E311619A6DA2800E785D5 /* Foundation.framework */; };
		386E311919A6DA2800E785D5 /* CoreGraphics.framework in Frameworks */ = {isa = PBXBuildFile; fileRef = 386E311819A6DA2800E785D5 /* CoreGraphics.framework */; };
		386E311B19A6DA2800E785D5 /* UIKit.framework in Frameworks */ = {isa = PBXBuildFile; fileRef = 386E311A19A6DA2800E785D5 /* UIKit.framework */; };
		386E312119A6DA2900E785D5 /* InfoPlist.strings in Resources */ = {isa = PBXBuildFile; fileRef = 386E311F19A6DA2900E785D5 /* InfoPlist.strings */; };
		386E312319A6DA2900E785D5 /* main.m in Sources */ = {isa = PBXBuildFile; fileRef = 386E312219A6DA2900E785D5 /* main.m */; };
		386E312719A6DA2900E785D5 /* LWAppDelegate.m in Sources */ = {isa = PBXBuildFile; fileRef = 386E312619A6DA2900E785D5 /* LWAppDelegate.m */; };
		386E312A19A6DA2A00E785D5 /* Main.storyboard in Resources */ = {isa = PBXBuildFile; fileRef = 386E312819A6DA2A00E785D5 /* Main.storyboard */; };
		386E312D19A6DA2A00E785D5 /* LWViewController.m in Sources */ = {isa = PBXBuildFile; fileRef = 386E312C19A6DA2A00E785D5 /* LWViewController.m */; };
		386E312F19A6DA2A00E785D5 /* Images.xcassets in Resources */ = {isa = PBXBuildFile; fileRef = 386E312E19A6DA2A00E785D5 /* Images.xcassets */; };
		386E313619A6DA2A00E785D5 /* XCTest.framework in Frameworks */ = {isa = PBXBuildFile; fileRef = 386E313519A6DA2A00E785D5 /* XCTest.framework */; };
		386E313719A6DA2A00E785D5 /* Foundation.framework in Frameworks */ = {isa = PBXBuildFile; fileRef = 386E311619A6DA2800E785D5 /* Foundation.framework */; };
		386E313819A6DA2A00E785D5 /* UIKit.framework in Frameworks */ = {isa = PBXBuildFile; fileRef = 386E311A19A6DA2800E785D5 /* UIKit.framework */; };
		386E314019A6DA2A00E785D5 /* InfoPlist.strings in Resources */ = {isa = PBXBuildFile; fileRef = 386E313E19A6DA2A00E785D5 /* InfoPlist.strings */; };
		386E314219A6DA2A00E785D5 /* PrerpForPirateTests.m in Sources */ = {isa = PBXBuildFile; fileRef = 386E314119A6DA2A00E785D5 /* PrerpForPirateTests.m */; };
/* End PBXBuildFile section */

/* Begin PBXContainerItemProxy section */
		386E313919A6DA2A00E785D5 /* PBXContainerItemProxy */ = {
			isa = PBXContainerItemProxy;
			containerPortal = 386E310B19A6DA2700E785D5 /* Project object */;
			proxyType = 1;
			remoteGlobalIDString = 386E311219A6DA2800E785D5;
			remoteInfo = PrerpForPirate;
		};
/* End PBXContainerItemProxy section */

/* Begin PBXFileReference section */
		386E311319A6DA2800E785D5 /* PrerpForPirate.app */ = {isa = PBXFileReference; explicitFileType = wrapper.application; includeInIndex = 0; path = PrerpForPirate.app; sourceTree = BUILT_PRODUCTS_DIR; };
		386E311619A6DA2800E785D5 /* Foundation.framework */ = {isa = PBXFileReference; lastKnownFileType = wrapper.framework; name = Foundation.framework; path = System/Library/Frameworks/Foundation.framework; sourceTree = SDKROOT; };
		386E311819A6DA2800E785D5 /* CoreGraphics.framework */ = {isa = PBXFileReference; lastKnownFileType = wrapper.framework; name = CoreGraphics.framework; path = System/Library/Frameworks/CoreGraphics.framework; sourceTree = SDKROOT; };
		386E311A19A6DA2800E785D5 /* UIKit.framework */ = {isa = PBXFileReference; lastKnownFileType = wrapper.framework; name = UIKit.framework; path = System/Library/Frameworks/UIKit.framework; sourceTree = SDKROOT; };
		386E311E19A6DA2900E785D5 /* PrerpForPirate-Info.plist */ = {isa = PBXFileReference; lastKnownFileType = text.plist.xml; path = "PrerpForPirate-Info.plist"; sourceTree = "<group>"; };
		386E312019A6DA2900E785D5 /* en */ = {isa = PBXFileReference; lastKnownFileType = text.plist.strings; name = en; path = en.lproj/InfoPlist.strings; sourceTree = "<group>"; };
		386E312219A6DA2900E785D5 /* main.m */ = {isa = PBXFileReference; lastKnownFileType = sourcecode.c.objc; path = main.m; sourceTree = "<group>"; };
		386E312419A6DA2900E785D5 /* PrerpForPirate-Prefix.pch */ = {isa = PBXFileReference; lastKnownFileType = sourcecode.c.h; path = "PrerpForPirate-Prefix.pch"; sourceTree = "<group>"; };
		386E312519A6DA2900E785D5 /* LWAppDelegate.h */ = {isa = PBXFileReference; lastKnownFileType = sourcecode.c.h; path = LWAppDelegate.h; sourceTree = "<group>"; };
		386E312619A6DA2900E785D5 /* LWAppDelegate.m */ = {isa = PBXFileReference; lastKnownFileType = sourcecode.c.objc; path = LWAppDelegate.m; sourceTree = "<group>"; };
		386E312919A6DA2A00E785D5 /* Base */ = {isa = PBXFileReference; lastKnownFileType = file.storyboard; name = Base; path = Base.lproj/Main.storyboard; sourceTree = "<group>"; };
		386E312B19A6DA2A00E785D5 /* LWViewController.h */ = {isa = PBXFileReference; lastKnownFileType = sourcecode.c.h; path = LWViewController.h; sourceTree = "<group>"; };
		386E312C19A6DA2A00E785D5 /* LWViewController.m */ = {isa = PBXFileReference; lastKnownFileType = sourcecode.c.objc; path = LWViewController.m; sourceTree = "<group>"; };
		386E312E19A6DA2A00E785D5 /* Images.xcassets */ = {isa = PBXFileReference; lastKnownFileType = folder.assetcatalog; path = Images.xcassets; sourceTree = "<group>"; };
		386E313419A6DA2A00E785D5 /* PrerpForPirateTests.xctest */ = {isa = PBXFileReference; explicitFileType = wrapper.cfbundle; includeInIndex = 0; path = PrerpForPirateTests.xctest; sourceTree = BUILT_PRODUCTS_DIR; };
		386E313519A6DA2A00E785D5 /* XCTest.framework */ = {isa = PBXFileReference; lastKnownFileType = wrapper.framework; name = XCTest.framework; path = Library/Frameworks/XCTest.framework; sourceTree = DEVELOPER_DIR; };
		386E313D19A6DA2A00E785D5 /* PrerpForPirateTests-Info.plist */ = {isa = PBXFileReference; lastKnownFileType = text.plist.xml; path = "PrerpForPirateTests-Info.plist"; sourceTree = "<group>"; };
		386E313F19A6DA2A00E785D5 /* en */ = {isa = PBXFileReference; lastKnownFileType = text.plist.strings; name = en; path = en.lproj/InfoPlist.strings; sourceTree = "<group>"; };
		386E314119A6DA2A00E785D5 /* PrerpForPirateTests.m */ = {isa = PBXFileReference; lastKnownFileType = sourcecode.c.objc; path = PrerpForPirateTests.m; sourceTree = "<group>"; };
/* End PBXFileReference section */

/* Begin PBXFrameworksBuildPhase section */
		386E311019A6DA2800E785D5 /* Frameworks */ = {
			isa = PBXFrameworksBuildPhase;
			buildActionMask = 2147483647;
			files = (
				386E311919A6DA2800E785D5 /* CoreGraphics.framework in Frameworks */,
				386E311B19A6DA2800E785D5 /* UIKit.framework in Frameworks */,
				386E311719A6DA2800E785D5 /* Foundation.framework in Frameworks */,
			);
			runOnlyForDeploymentPostprocessing = 0;
		};
		386E313119A6DA2A00E785D5 /* Frameworks */ = {
			isa = PBXFrameworksBuildPhase;
			buildActionMask = 2147483647;
			files = (
				386E313619A6DA2A00E785D5 /* XCTest.framework in Frameworks */,
				386E313819A6DA2A00E785D5 /* UIKit.framework in Frameworks */,
				386E313719A6DA2A00E785D5 /* Foundation.framework in Frameworks */,
			);
			runOnlyForDeploymentPostprocessing = 0;
		};
/* End PBXFrameworksBuildPhase section */

/* Begin PBXGroup section */
		386E310A19A6DA2700E785D5 = {
			isa = PBXGroup;
			children = (
				386E311C19A6DA2800E785D5 /* PrerpForPirate */,
				386E313B19A6DA2A00E785D5 /* PrerpForPirateTests */,
				386E311519A6DA2800E785D5 /* Frameworks */,
				386E311419A6DA2800E785D5 /* Products */,
			);
			sourceTree = "<group>";
		};
		386E311419A6DA2800E785D5 /* Products */ = {
			isa = PBXGroup;
			children = (
				386E311319A6DA2800E785D5 /* PrerpForPirate.app */,
				386E313419A6DA2A00E785D5 /* PrerpForPirateTests.xctest */,
			);
			name = Products;
			sourceTree = "<group>";
		};
		386E311519A6DA2800E785D5 /* Frameworks */ = {
			isa = PBXGroup;
			children = (
				386E311619A6DA2800E785D5 /* Foundation.framework */,
				386E311819A6DA2800E785D5 /* CoreGraphics.framework */,
				386E311A19A6DA2800E785D5 /* UIKit.framework */,
				386E313519A6DA2A00E785D5 /* XCTest.framework */,
			);
			name = Frameworks;
			sourceTree = "<group>";
		};
		386E311C19A6DA2800E785D5 /* PrerpForPirate */ = {
			isa = PBXGroup;
			children = (
				386E312519A6DA2900E785D5 /* LWAppDelegate.h */,
				386E312619A6DA2900E785D5 /* LWAppDelegate.m */,
				386E312819A6DA2A00E785D5 /* Main.storyboard */,
				386E312B19A6DA2A00E785D5 /* LWViewController.h */,
				386E312C19A6DA2A00E785D5 /* LWViewController.m */,
				386E312E19A6DA2A00E785D5 /* Images.xcassets */,
				386E311D19A6DA2900E785D5 /* Supporting Files */,
			);
			path = PrerpForPirate;
			sourceTree = "<group>";
		};
		386E311D19A6DA2900E785D5 /* Supporting Files */ = {
			isa = PBXGroup;
			children = (
				386E311E19A6DA2900E785D5 /* PrerpForPirate-Info.plist */,
				386E311F19A6DA2900E785D5 /* InfoPlist.strings */,
				386E312219A6DA2900E785D5 /* main.m */,
				386E312419A6DA2900E785D5 /* PrerpForPirate-Prefix.pch */,
			);
			name = "Supporting Files";
			sourceTree = "<group>";
		};
		386E313B19A6DA2A00E785D5 /* PrerpForPirateTests */ = {
			isa = PBXGroup;
			children = (
				386E314119A6DA2A00E785D5 /* PrerpForPirateTests.m */,
				386E313C19A6DA2A00E785D5 /* Supporting Files */,
			);
			path = PrerpForPirateTests;
			sourceTree = "<group>";
		};
		386E313C19A6DA2A00E785D5 /* Supporting Files */ = {
			isa = PBXGroup;
			children = (
				386E313D19A6DA2A00E785D5 /* PrerpForPirateTests-Info.plist */,
				386E313E19A6DA2A00E785D5 /* InfoPlist.strings */,
			);
			name = "Supporting Files";
			sourceTree = "<group>";
		};
/* End PBXGroup section */

/* Begin PBXNativeTarget section */
		386E311219A6DA2800E785D5 /* PrerpForPirate */ = {
			isa = PBXNativeTarget;
			buildConfigurationList = 386E314519A6DA2A00E785D5 /* Build configuration list for PBXNativeTarget "PrerpForPirate" */;
			buildPhases = (
				386E310F19A6DA2800E785D5 /* Sources */,
				386E311019A6DA2800E785D5 /* Frameworks */,
				386E311119A6DA2800E785D5 /* Resources */,
			);
			buildRules = (
			);
			dependencies = (
			);
			name = PrerpForPirate;
			productName = PrerpForPirate;
			productReference = 386E311319A6DA2800E785D5 /* PrerpForPirate.app */;
			productType = "com.apple.product-type.application";
		};
		386E313319A6DA2A00E785D5 /* PrerpForPirateTests */ = {
			isa = PBXNativeTarget;
			buildConfigurationList = 386E314819A6DA2A00E785D5 /* Build configuration list for PBXNativeTarget "PrerpForPirateTests" */;
			buildPhases = (
				386E313019A6DA2A00E785D5 /* Sources */,
				386E313119A6DA2A00E785D5 /* Frameworks */,
				386E313219A6DA2A00E785D5 /* Resources */,
			);
			buildRules = (
			);
			dependencies = (
				386E313A19A6DA2A00E785D5 /* PBXTargetDependency */,
			);
			name = PrerpForPirateTests;
			productName = PrerpForPirateTests;
			productReference = 386E313419A6DA2A00E785D5 /* PrerpForPirateTests.xctest */;
			productType = "com.apple.product-type.bundle.unit-test";
		};
/* End PBXNativeTarget section */

/* Begin PBXProject section */
		386E310B19A6DA2700E785D5 /* Project object */ = {
			isa = PBXProject;
			attributes = {
				CLASSPREFIX = LW;
				LastUpgradeCheck = 0510;
				ORGANIZATIONNAME = "Larry Williamson";
				TargetAttributes = {
					386E313319A6DA2A00E785D5 = {
						TestTargetID = 386E311219A6DA2800E785D5;
					};
				};
			};
			buildConfigurationList = 386E310E19A6DA2700E785D5 /* Build configuration list for PBXProject "PrerpForPirate" */;
			compatibilityVersion = "Xcode 3.2";
			developmentRegion = English;
			hasScannedForEncodings = 0;
			knownRegions = (
				en,
				Base,
			);
			mainGroup = 386E310A19A6DA2700E785D5;
			productRefGroup = 386E311419A6DA2800E785D5 /* Products */;
			projectDirPath = "";
			projectRoot = "";
			targets = (
				386E311219A6DA2800E785D5 /* PrerpForPirate */,
				386E313319A6DA2A00E785D5 /* PrerpForPirateTests */,
			);
		};
/* End PBXProject section */

/* Begin PBXResourcesBuildPhase section */
		386E311119A6DA2800E785D5 /* Resources */ = {
			isa = PBXResourcesBuildPhase;
			buildActionMask = 2147483647;
			files = (
				386E312F19A6DA2A00E785D5 /* Images.xcassets in Resources */,
				386E312119A6DA2900E785D5 /* InfoPlist.strings in Resources */,
				386E312A19A6DA2A00E785D5 /* Main.storyboard in Resources */,
			);
			runOnlyForDeploymentPostprocessing = 0;
		};
		386E313219A6DA2A00E785D5 /* Resources */ = {
			isa = PBXResourcesBuildPhase;
			buildActionMask = 2147483647;
			files = (
				386E314019A6DA2A00E785D5 /* InfoPlist.strings in Resources */,
			);
			runOnlyForDeploymentPostprocessing = 0;
		};
/* End PBXResourcesBuildPhase section */

/* Begin PBXSourcesBuildPhase section */
		386E310F19A6DA2800E785D5 /* Sources */ = {
			isa = PBXSourcesBuildPhase;
			buildActionMask = 2147483647;
			files = (
				386E312319A6DA2900E785D5 /* main.m in Sources */,
				386E312719A6DA2900E785D5 /* LWAppDelegate.m in Sources */,
				386E312D19A6DA2A00E785D5 /* LWViewController.m in Sources */,
			);
			runOnlyForDeploymentPostprocessing = 0;
		};
		386E313019A6DA2A00E785D5 /* Sources */ = {
			isa = PBXSourcesBuildPhase;
			buildActionMask = 2147483647;
			files = (
				386E314219A6DA2A00E785D5 /* PrerpForPirateTests.m in Sources */,
			);
			runOnlyForDeploymentPostprocessing = 0;
		};
/* End PBXSourcesBuildPhase section */

/* Begin PBXTargetDependency section */
		386E313A19A6DA2A00E785D5 /* PBXTargetDependency */ = {
			isa = PBXTargetDependency;
			target = 386E311219A6DA2800E785D5 /* PrerpForPirate */;
			targetProxy = 386E313919A6DA2A00E785D5 /* PBXContainerItemProxy */;
		};
/* End PBXTargetDependency section */

/* Begin PBXVariantGroup section */
		386E311F19A6DA2900E785D5 /* InfoPlist.strings */ = {
			isa = PBXVariantGroup;
			children = (
				386E312019A6DA2900E785D5 /* en */,
			);
			name = InfoPlist.strings;
			sourceTree = "<group>";
		};
		386E312819A6DA2A00E785D5 /* Main.storyboard */ = {
			isa = PBXVariantGroup;
			children = (
				386E312919A6DA2A00E785D5 /* Base */,
			);
			name = Main.storyboard;
			sourceTree = "<group>";
		};
		386E313E19A6DA2A00E785D5 /* InfoPlist.strings */ = {
			isa = PBXVariantGroup;
			children = (
				386E313F19A6DA2A00E785D5 /* en */,
			);
			name = InfoPlist.strings;
			sourceTree = "<group>";
		};
/* End PBXVariantGroup section */

/* Begin XCBuildConfiguration section */
		386E314319A6DA2A00E785D5 /* Debug */ = {
			isa = XCBuildConfiguration;
			buildSettings = {
				ALWAYS_SEARCH_USER_PATHS = NO;
				CLANG_CXX_LANGUAGE_STANDARD = "gnu++0x";
				CLANG_CXX_LIBRARY = "libc++";
				CLANG_ENABLE_MODULES = YES;
				CLANG_ENABLE_OBJC_ARC = YES;
				CLANG_WARN_BOOL_CONVERSION = YES;
				CLANG_WARN_CONSTANT_CONVERSION = YES;
				CLANG_WARN_DIRECT_OBJC_ISA_USAGE = YES_ERROR;
				CLANG_WARN_EMPTY_BODY = YES;
				CLANG_WARN_ENUM_CONVERSION = YES;
				CLANG_WARN_INT_CONVERSION = YES;
				CLANG_WARN_OBJC_ROOT_CLASS = YES_ERROR;
				CLANG_WARN__DUPLICATE_METHOD_MATCH = YES;
				"CODE_SIGN_IDENTITY[sdk=iphoneos*]" = "iPhone Developer";
				COPY_PHASE_STRIP = NO;
				GCC_C_LANGUAGE_STANDARD = gnu99;
				GCC_DYNAMIC_NO_PIC = NO;
				GCC_OPTIMIZATION_LEVEL = 0;
				GCC_PREPROCESSOR_DEFINITIONS = (
					"DEBUG=1",
					"$(inherited)",
				);
				GCC_SYMBOLS_PRIVATE_EXTERN = NO;
				GCC_WARN_64_TO_32_BIT_CONVERSION = YES;
				GCC_WARN_ABOUT_RETURN_TYPE = YES_ERROR;
				GCC_WARN_UNDECLARED_SELECTOR = YES;
				GCC_WARN_UNINITIALIZED_AUTOS = YES_AGGRESSIVE;
				GCC_WARN_UNUSED_FUNCTION = YES;
				GCC_WARN_UNUSED_VARIABLE = YES;
				IPHONEOS_DEPLOYMENT_TARGET = 7.1;
				ONLY_ACTIVE_ARCH = YES;
				SDKROOT = iphoneos;
			};
			name = Debug;
		};
		386E314419A6DA2A00E785D5 /* Release */ = {
			isa = XCBuildConfiguration;
			buildSettings = {
				ALWAYS_SEARCH_USER_PATHS = NO;
				CLANG_CXX_LANGUAGE_STANDARD = "gnu++0x";
				CLANG_CXX_LIBRARY = "libc++";
				CLANG_ENABLE_MODULES = YES;
				CLANG_ENABLE_OBJC_ARC = YES;
				CLANG_WARN_BOOL_CONVERSION = YES;
				CLANG_WARN_CONSTANT_CONVERSION = YES;
				CLANG_WARN_DIRECT_OBJC_ISA_USAGE = YES_ERROR;
				CLANG_WARN_EMPTY_BODY = YES;
				CLANG_WARN_ENUM_CONVERSION = YES;
				CLANG_WARN_INT_CONVERSION = YES;
				CLANG_WARN_OBJC_ROOT_CLASS = YES_ERROR;
				CLANG_WARN__DUPLICATE_METHOD_MATCH = YES;
				"CODE_SIGN_IDENTITY[sdk=iphoneos*]" = "iPhone Developer";
				COPY_PHASE_STRIP = YES;
				ENABLE_NS_ASSERTIONS = NO;
				GCC_C_LANGUAGE_STANDARD = gnu99;
				GCC_WARN_64_TO_32_BIT_CONVERSION = YES;
				GCC_WARN_ABOUT_RETURN_TYPE = YES_ERROR;
				GCC_WARN_UNDECLARED_SELECTOR = YES;
				GCC_WARN_UNINITIALIZED_AUTOS = YES_AGGRESSIVE;
				GCC_WARN_UNUSED_FUNCTION = YES;
				GCC_WARN_UNUSED_VARIABLE = YES;
				IPHONEOS_DEPLOYMENT_TARGET = 7.1;
				SDKROOT = iphoneos;
				VALIDATE_PRODUCT = YES;
			};
			name = Release;
		};
		386E314619A6DA2A00E785D5 /* Debug */ = {
			isa = XCBuildConfiguration;
			buildSettings = {
				ASSETCATALOG_COMPILER_APPICON_NAME = AppIcon;
				ASSETCATALOG_COMPILER_LAUNCHIMAGE_NAME = LaunchImage;
				GCC_PRECOMPILE_PREFIX_HEADER = YES;
				GCC_PREFIX_HEADER = "PrerpForPirate/PrerpForPirate-Prefix.pch";
				INFOPLIST_FILE = "PrerpForPirate/PrerpForPirate-Info.plist";
				PRODUCT_NAME = "$(TARGET_NAME)";
				WRAPPER_EXTENSION = app;
			};
			name = Debug;
		};
		386E314719A6DA2A00E785D5 /* Release */ = {
			isa = XCBuildConfiguration;
			buildSettings = {
				ASSETCATALOG_COMPILER_APPICON_NAME = AppIcon;
				ASSETCATALOG_COMPILER_LAUNCHIMAGE_NAME = LaunchImage;
				GCC_PRECOMPILE_PREFIX_HEADER = YES;
				GCC_PREFIX_HEADER = "PrerpForPirate/PrerpForPirate-Prefix.pch";
				INFOPLIST_FILE = "PrerpForPirate/PrerpForPirate-Info.plist";
				PRODUCT_NAME = "$(TARGET_NAME)";
				WRAPPER_EXTENSION = app;
			};
			name = Release;
		};
		386E314919A6DA2A00E785D5 /* Debug */ = {
			isa = XCBuildConfiguration;
			buildSettings = {
				BUNDLE_LOADER = "$(BUILT_PRODUCTS_DIR)/PrerpForPirate.app/PrerpForPirate";
				FRAMEWORK_SEARCH_PATHS = (
					"$(SDKROOT)/Developer/Library/Frameworks",
					"$(inherited)",
					"$(DEVELOPER_FRAMEWORKS_DIR)",
				);
				GCC_PRECOMPILE_PREFIX_HEADER = YES;
				GCC_PREFIX_HEADER = "PrerpForPirate/PrerpForPirate-Prefix.pch";
				GCC_PREPROCESSOR_DEFINITIONS = (
					"DEBUG=1",
					"$(inherited)",
				);
				INFOPLIST_FILE = "PrerpForPirateTests/PrerpForPirateTests-Info.plist";
				PRODUCT_NAME = "$(TARGET_NAME)";
				TEST_HOST = "$(BUNDLE_LOADER)";
				WRAPPER_EXTENSION = xctest;
			};
			name = Debug;
		};
		386E314A19A6DA2A00E785D5 /* Release */ = {
			isa = XCBuildConfiguration;
			buildSettings = {
				BUNDLE_LOADER = "$(BUILT_PRODUCTS_DIR)/PrerpForPirate.app/PrerpForPirate";
				FRAMEWORK_SEARCH_PATHS = (
					"$(SDKROOT)/Developer/Library/Frameworks",
					"$(inherited)",
					"$(DEVELOPER_FRAMEWORKS_DIR)",
				);
				GCC_PRECOMPILE_PREFIX_HEADER = YES;
				GCC_PREFIX_HEADER = "PrerpForPirate/PrerpForPirate-Prefix.pch";
				INFOPLIST_FILE = "PrerpForPirateTests/PrerpForPirateTests-Info.plist";
				PRODUCT_NAME = "$(TARGET_NAME)";
				TEST_HOST = "$(BUNDLE_LOADER)";
				WRAPPER_EXTENSION = xctest;
			};
			name = Release;
		};
/* End XCBuildConfiguration section */

/* Begin XCConfigurationList section */
		386E310E19A6DA2700E785D5 /* Build configuration list for PBXProject "PrerpForPirate" */ = {
			isa = XCConfigurationList;
			buildConfigurations = (
				386E314319A6DA2A00E785D5 /* Debug */,
				386E314419A6DA2A00E785D5 /* Release */,
			);
			defaultConfigurationIsVisible = 0;
			defaultConfigurationName = Release;
		};
		386E314519A6DA2A00E785D5 /* Build configuration list for PBXNativeTarget "PrerpForPirate" */ = {
			isa = XCConfigurationList;
			buildConfigurations = (
				386E314619A6DA2A00E785D5 /* Debug */,
				386E314719A6DA2A00E785D5 /* Release */,
			);
			defaultConfigurationIsVisible = 0;
		};
		386E314819A6DA2A00E785D5 /* Build configuration list for PBXNativeTarget "PrerpForPirateTests" */ = {
			isa = XCConfigurationList;
			buildConfigurations = (
				386E314919A6DA2A00E785D5 /* Debug */,
				386E314A19A6DA2A00E785D5 /* Release */,
			);
			defaultConfigurationIsVisible = 0;
		};
/* End XCConfigurationList section */
	};
	rootObject = 386E310B19A6DA2700E785D5 /* Project object */;
}
