// !$*UTF8*$!
{
	archiveVersion = 1;
	classes = {
	};
	objectVersion = 46;
	objects = {

/* Begin PBXBuildFile section */
		46961A4E19B6A8810090FA63 /* Foundation.framework in Frameworks */ = {isa = PBXBuildFile; fileRef = 46961A4D19B6A8810090FA63 /* Foundation.framework */; };
		46961A5019B6A8810090FA63 /* CoreGraphics.framework in Frameworks */ = {isa = PBXBuildFile; fileRef = 46961A4F19B6A8810090FA63 /* CoreGraphics.framework */; };
		46961A5219B6A8810090FA63 /* UIKit.framework in Frameworks */ = {isa = PBXBuildFile; fileRef = 46961A5119B6A8810090FA63 /* UIKit.framework */; };
		46961A5819B6A8810090FA63 /* InfoPlist.strings in Resources */ = {isa = PBXBuildFile; fileRef = 46961A5619B6A8810090FA63 /* InfoPlist.strings */; };
		46961A5A19B6A8810090FA63 /* main.m in Sources */ = {isa = PBXBuildFile; fileRef = 46961A5919B6A8810090FA63 /* main.m */; };
		46961A5E19B6A8810090FA63 /* LWAppDelegate.m in Sources */ = {isa = PBXBuildFile; fileRef = 46961A5D19B6A8810090FA63 /* LWAppDelegate.m */; };
		46961A6119B6A8810090FA63 /* Main.storyboard in Resources */ = {isa = PBXBuildFile; fileRef = 46961A5F19B6A8810090FA63 /* Main.storyboard */; };
		46961A6419B6A8810090FA63 /* LWViewController.m in Sources */ = {isa = PBXBuildFile; fileRef = 46961A6319B6A8810090FA63 /* LWViewController.m */; };
		46961A6619B6A8810090FA63 /* Images.xcassets in Resources */ = {isa = PBXBuildFile; fileRef = 46961A6519B6A8810090FA63 /* Images.xcassets */; };
		46961A6D19B6A8810090FA63 /* XCTest.framework in Frameworks */ = {isa = PBXBuildFile; fileRef = 46961A6C19B6A8810090FA63 /* XCTest.framework */; };
		46961A6E19B6A8810090FA63 /* Foundation.framework in Frameworks */ = {isa = PBXBuildFile; fileRef = 46961A4D19B6A8810090FA63 /* Foundation.framework */; };
		46961A6F19B6A8810090FA63 /* UIKit.framework in Frameworks */ = {isa = PBXBuildFile; fileRef = 46961A5119B6A8810090FA63 /* UIKit.framework */; };
		46961A7719B6A8810090FA63 /* InfoPlist.strings in Resources */ = {isa = PBXBuildFile; fileRef = 46961A7519B6A8810090FA63 /* InfoPlist.strings */; };
		46961A7919B6A8810090FA63 /* Git_TestTests.m in Sources */ = {isa = PBXBuildFile; fileRef = 46961A7819B6A8810090FA63 /* Git_TestTests.m */; };
/* End PBXBuildFile section */

/* Begin PBXContainerItemProxy section */
		46961A7019B6A8810090FA63 /* PBXContainerItemProxy */ = {
			isa = PBXContainerItemProxy;
			containerPortal = 46961A4219B6A8810090FA63 /* Project object */;
			proxyType = 1;
			remoteGlobalIDString = 46961A4919B6A8810090FA63;
			remoteInfo = "Git Test";
		};
/* End PBXContainerItemProxy section */

/* Begin PBXFileReference section */
		46961A4A19B6A8810090FA63 /* Git Test.app */ = {isa = PBXFileReference; explicitFileType = wrapper.application; includeInIndex = 0; path = "Git Test.app"; sourceTree = BUILT_PRODUCTS_DIR; };
		46961A4D19B6A8810090FA63 /* Foundation.framework */ = {isa = PBXFileReference; lastKnownFileType = wrapper.framework; name = Foundation.framework; path = System/Library/Frameworks/Foundation.framework; sourceTree = SDKROOT; };
		46961A4F19B6A8810090FA63 /* CoreGraphics.framework */ = {isa = PBXFileReference; lastKnownFileType = wrapper.framework; name = CoreGraphics.framework; path = System/Library/Frameworks/CoreGraphics.framework; sourceTree = SDKROOT; };
		46961A5119B6A8810090FA63 /* UIKit.framework */ = {isa = PBXFileReference; lastKnownFileType = wrapper.framework; name = UIKit.framework; path = System/Library/Frameworks/UIKit.framework; sourceTree = SDKROOT; };
		46961A5519B6A8810090FA63 /* Git Test-Info.plist */ = {isa = PBXFileReference; lastKnownFileType = text.plist.xml; path = "Git Test-Info.plist"; sourceTree = "<group>"; };
		46961A5719B6A8810090FA63 /* en */ = {isa = PBXFileReference; lastKnownFileType = text.plist.strings; name = en; path = en.lproj/InfoPlist.strings; sourceTree = "<group>"; };
		46961A5919B6A8810090FA63 /* main.m */ = {isa = PBXFileReference; lastKnownFileType = sourcecode.c.objc; path = main.m; sourceTree = "<group>"; };
		46961A5B19B6A8810090FA63 /* Git Test-Prefix.pch */ = {isa = PBXFileReference; lastKnownFileType = sourcecode.c.h; path = "Git Test-Prefix.pch"; sourceTree = "<group>"; };
		46961A5C19B6A8810090FA63 /* LWAppDelegate.h */ = {isa = PBXFileReference; lastKnownFileType = sourcecode.c.h; path = LWAppDelegate.h; sourceTree = "<group>"; };
		46961A5D19B6A8810090FA63 /* LWAppDelegate.m */ = {isa = PBXFileReference; lastKnownFileType = sourcecode.c.objc; path = LWAppDelegate.m; sourceTree = "<group>"; };
		46961A6019B6A8810090FA63 /* Base */ = {isa = PBXFileReference; lastKnownFileType = file.storyboard; name = Base; path = Base.lproj/Main.storyboard; sourceTree = "<group>"; };
		46961A6219B6A8810090FA63 /* LWViewController.h */ = {isa = PBXFileReference; lastKnownFileType = sourcecode.c.h; path = LWViewController.h; sourceTree = "<group>"; };
		46961A6319B6A8810090FA63 /* LWViewController.m */ = {isa = PBXFileReference; lastKnownFileType = sourcecode.c.objc; path = LWViewController.m; sourceTree = "<group>"; };
		46961A6519B6A8810090FA63 /* Images.xcassets */ = {isa = PBXFileReference; lastKnownFileType = folder.assetcatalog; path = Images.xcassets; sourceTree = "<group>"; };
		46961A6B19B6A8810090FA63 /* Git TestTests.xctest */ = {isa = PBXFileReference; explicitFileType = wrapper.cfbundle; includeInIndex = 0; path = "Git TestTests.xctest"; sourceTree = BUILT_PRODUCTS_DIR; };
		46961A6C19B6A8810090FA63 /* XCTest.framework */ = {isa = PBXFileReference; lastKnownFileType = wrapper.framework; name = XCTest.framework; path = Library/Frameworks/XCTest.framework; sourceTree = DEVELOPER_DIR; };
		46961A7419B6A8810090FA63 /* Git TestTests-Info.plist */ = {isa = PBXFileReference; lastKnownFileType = text.plist.xml; path = "Git TestTests-Info.plist"; sourceTree = "<group>"; };
		46961A7619B6A8810090FA63 /* en */ = {isa = PBXFileReference; lastKnownFileType = text.plist.strings; name = en; path = en.lproj/InfoPlist.strings; sourceTree = "<group>"; };
		46961A7819B6A8810090FA63 /* Git_TestTests.m */ = {isa = PBXFileReference; lastKnownFileType = sourcecode.c.objc; path = Git_TestTests.m; sourceTree = "<group>"; };
/* End PBXFileReference section */

/* Begin PBXFrameworksBuildPhase section */
		46961A4719B6A8810090FA63 /* Frameworks */ = {
			isa = PBXFrameworksBuildPhase;
			buildActionMask = 2147483647;
			files = (
				46961A5019B6A8810090FA63 /* CoreGraphics.framework in Frameworks */,
				46961A5219B6A8810090FA63 /* UIKit.framework in Frameworks */,
				46961A4E19B6A8810090FA63 /* Foundation.framework in Frameworks */,
			);
			runOnlyForDeploymentPostprocessing = 0;
		};
		46961A6819B6A8810090FA63 /* Frameworks */ = {
			isa = PBXFrameworksBuildPhase;
			buildActionMask = 2147483647;
			files = (
				46961A6D19B6A8810090FA63 /* XCTest.framework in Frameworks */,
				46961A6F19B6A8810090FA63 /* UIKit.framework in Frameworks */,
				46961A6E19B6A8810090FA63 /* Foundation.framework in Frameworks */,
			);
			runOnlyForDeploymentPostprocessing = 0;
		};
/* End PBXFrameworksBuildPhase section */

/* Begin PBXGroup section */
		46961A4119B6A8810090FA63 = {
			isa = PBXGroup;
			children = (
				46961A5319B6A8810090FA63 /* Git Test */,
				46961A7219B6A8810090FA63 /* Git TestTests */,
				46961A4C19B6A8810090FA63 /* Frameworks */,
				46961A4B19B6A8810090FA63 /* Products */,
			);
			sourceTree = "<group>";
		};
		46961A4B19B6A8810090FA63 /* Products */ = {
			isa = PBXGroup;
			children = (
				46961A4A19B6A8810090FA63 /* Git Test.app */,
				46961A6B19B6A8810090FA63 /* Git TestTests.xctest */,
			);
			name = Products;
			sourceTree = "<group>";
		};
		46961A4C19B6A8810090FA63 /* Frameworks */ = {
			isa = PBXGroup;
			children = (
				46961A4D19B6A8810090FA63 /* Foundation.framework */,
				46961A4F19B6A8810090FA63 /* CoreGraphics.framework */,
				46961A5119B6A8810090FA63 /* UIKit.framework */,
				46961A6C19B6A8810090FA63 /* XCTest.framework */,
			);
			name = Frameworks;
			sourceTree = "<group>";
		};
		46961A5319B6A8810090FA63 /* Git Test */ = {
			isa = PBXGroup;
			children = (
				46961A5C19B6A8810090FA63 /* LWAppDelegate.h */,
				46961A5D19B6A8810090FA63 /* LWAppDelegate.m */,
				46961A5F19B6A8810090FA63 /* Main.storyboard */,
				46961A6219B6A8810090FA63 /* LWViewController.h */,
				46961A6319B6A8810090FA63 /* LWViewController.m */,
				46961A6519B6A8810090FA63 /* Images.xcassets */,
				46961A5419B6A8810090FA63 /* Supporting Files */,
			);
			path = "Git Test";
			sourceTree = "<group>";
		};
		46961A5419B6A8810090FA63 /* Supporting Files */ = {
			isa = PBXGroup;
			children = (
				46961A5519B6A8810090FA63 /* Git Test-Info.plist */,
				46961A5619B6A8810090FA63 /* InfoPlist.strings */,
				46961A5919B6A8810090FA63 /* main.m */,
				46961A5B19B6A8810090FA63 /* Git Test-Prefix.pch */,
			);
			name = "Supporting Files";
			sourceTree = "<group>";
		};
		46961A7219B6A8810090FA63 /* Git TestTests */ = {
			isa = PBXGroup;
			children = (
				46961A7819B6A8810090FA63 /* Git_TestTests.m */,
				46961A7319B6A8810090FA63 /* Supporting Files */,
			);
			path = "Git TestTests";
			sourceTree = "<group>";
		};
		46961A7319B6A8810090FA63 /* Supporting Files */ = {
			isa = PBXGroup;
			children = (
				46961A7419B6A8810090FA63 /* Git TestTests-Info.plist */,
				46961A7519B6A8810090FA63 /* InfoPlist.strings */,
			);
			name = "Supporting Files";
			sourceTree = "<group>";
		};
/* End PBXGroup section */

/* Begin PBXNativeTarget section */
		46961A4919B6A8810090FA63 /* Git Test */ = {
			isa = PBXNativeTarget;
			buildConfigurationList = 46961A7C19B6A8810090FA63 /* Build configuration list for PBXNativeTarget "Git Test" */;
			buildPhases = (
				46961A4619B6A8810090FA63 /* Sources */,
				46961A4719B6A8810090FA63 /* Frameworks */,
				46961A4819B6A8810090FA63 /* Resources */,
			);
			buildRules = (
			);
			dependencies = (
			);
			name = "Git Test";
			productName = "Git Test";
			productReference = 46961A4A19B6A8810090FA63 /* Git Test.app */;
			productType = "com.apple.product-type.application";
		};
		46961A6A19B6A8810090FA63 /* Git TestTests */ = {
			isa = PBXNativeTarget;
			buildConfigurationList = 46961A7F19B6A8810090FA63 /* Build configuration list for PBXNativeTarget "Git TestTests" */;
			buildPhases = (
				46961A6719B6A8810090FA63 /* Sources */,
				46961A6819B6A8810090FA63 /* Frameworks */,
				46961A6919B6A8810090FA63 /* Resources */,
			);
			buildRules = (
			);
			dependencies = (
				46961A7119B6A8810090FA63 /* PBXTargetDependency */,
			);
			name = "Git TestTests";
			productName = "Git TestTests";
			productReference = 46961A6B19B6A8810090FA63 /* Git TestTests.xctest */;
			productType = "com.apple.product-type.bundle.unit-test";
		};
/* End PBXNativeTarget section */

/* Begin PBXProject section */
		46961A4219B6A8810090FA63 /* Project object */ = {
			isa = PBXProject;
			attributes = {
				CLASSPREFIX = LW;
				LastUpgradeCheck = 0510;
				ORGANIZATIONNAME = "Larry Williamson Inc.";
				TargetAttributes = {
					46961A6A19B6A8810090FA63 = {
						TestTargetID = 46961A4919B6A8810090FA63;
					};
				};
			};
			buildConfigurationList = 46961A4519B6A8810090FA63 /* Build configuration list for PBXProject "Git Test" */;
			compatibilityVersion = "Xcode 3.2";
			developmentRegion = English;
			hasScannedForEncodings = 0;
			knownRegions = (
				en,
				Base,
			);
			mainGroup = 46961A4119B6A8810090FA63;
			productRefGroup = 46961A4B19B6A8810090FA63 /* Products */;
			projectDirPath = "";
			projectRoot = "";
			targets = (
				46961A4919B6A8810090FA63 /* Git Test */,
				46961A6A19B6A8810090FA63 /* Git TestTests */,
			);
		};
/* End PBXProject section */

/* Begin PBXResourcesBuildPhase section */
		46961A4819B6A8810090FA63 /* Resources */ = {
			isa = PBXResourcesBuildPhase;
			buildActionMask = 2147483647;
			files = (
				46961A6619B6A8810090FA63 /* Images.xcassets in Resources */,
				46961A5819B6A8810090FA63 /* InfoPlist.strings in Resources */,
				46961A6119B6A8810090FA63 /* Main.storyboard in Resources */,
			);
			runOnlyForDeploymentPostprocessing = 0;
		};
		46961A6919B6A8810090FA63 /* Resources */ = {
			isa = PBXResourcesBuildPhase;
			buildActionMask = 2147483647;
			files = (
				46961A7719B6A8810090FA63 /* InfoPlist.strings in Resources */,
			);
			runOnlyForDeploymentPostprocessing = 0;
		};
/* End PBXResourcesBuildPhase section */

/* Begin PBXSourcesBuildPhase section */
		46961A4619B6A8810090FA63 /* Sources */ = {
			isa = PBXSourcesBuildPhase;
			buildActionMask = 2147483647;
			files = (
				46961A5A19B6A8810090FA63 /* main.m in Sources */,
				46961A5E19B6A8810090FA63 /* LWAppDelegate.m in Sources */,
				46961A6419B6A8810090FA63 /* LWViewController.m in Sources */,
			);
			runOnlyForDeploymentPostprocessing = 0;
		};
		46961A6719B6A8810090FA63 /* Sources */ = {
			isa = PBXSourcesBuildPhase;
			buildActionMask = 2147483647;
			files = (
				46961A7919B6A8810090FA63 /* Git_TestTests.m in Sources */,
			);
			runOnlyForDeploymentPostprocessing = 0;
		};
/* End PBXSourcesBuildPhase section */

/* Begin PBXTargetDependency section */
		46961A7119B6A8810090FA63 /* PBXTargetDependency */ = {
			isa = PBXTargetDependency;
			target = 46961A4919B6A8810090FA63 /* Git Test */;
			targetProxy = 46961A7019B6A8810090FA63 /* PBXContainerItemProxy */;
		};
/* End PBXTargetDependency section */

/* Begin PBXVariantGroup section */
		46961A5619B6A8810090FA63 /* InfoPlist.strings */ = {
			isa = PBXVariantGroup;
			children = (
				46961A5719B6A8810090FA63 /* en */,
			);
			name = InfoPlist.strings;
			sourceTree = "<group>";
		};
		46961A5F19B6A8810090FA63 /* Main.storyboard */ = {
			isa = PBXVariantGroup;
			children = (
				46961A6019B6A8810090FA63 /* Base */,
			);
			name = Main.storyboard;
			sourceTree = "<group>";
		};
		46961A7519B6A8810090FA63 /* InfoPlist.strings */ = {
			isa = PBXVariantGroup;
			children = (
				46961A7619B6A8810090FA63 /* en */,
			);
			name = InfoPlist.strings;
			sourceTree = "<group>";
		};
/* End PBXVariantGroup section */

/* Begin XCBuildConfiguration section */
		46961A7A19B6A8810090FA63 /* Debug */ = {
			isa = XCBuildConfiguration;
			buildSettings = {
				ALWAYS_SEARCH_USER_PATHS = NO;
				CLANG_CXX_LANGUAGE_STANDARD = "gnu++0x";
				CLANG_CXX_LIBRARY = "libc++";
				CLANG_ENABLE_MODULES = YES;
				CLANG_ENABLE_OBJC_ARC = YES;
				CLANG_WARN_BOOL_CONVERSION = YES;
				CLANG_WARN_CONSTANT_CONVERSION = YES;
				CLANG_WARN_DIRECT_OBJC_ISA_USAGE = YES_ERROR;
				CLANG_WARN_EMPTY_BODY = YES;
				CLANG_WARN_ENUM_CONVERSION = YES;
				CLANG_WARN_INT_CONVERSION = YES;
				CLANG_WARN_OBJC_ROOT_CLASS = YES_ERROR;
				CLANG_WARN__DUPLICATE_METHOD_MATCH = YES;
				"CODE_SIGN_IDENTITY[sdk=iphoneos*]" = "iPhone Developer";
				COPY_PHASE_STRIP = NO;
				GCC_C_LANGUAGE_STANDARD = gnu99;
				GCC_DYNAMIC_NO_PIC = NO;
				GCC_OPTIMIZATION_LEVEL = 0;
				GCC_PREPROCESSOR_DEFINITIONS = (
					"DEBUG=1",
					"$(inherited)",
				);
				GCC_SYMBOLS_PRIVATE_EXTERN = NO;
				GCC_WARN_64_TO_32_BIT_CONVERSION = YES;
				GCC_WARN_ABOUT_RETURN_TYPE = YES_ERROR;
				GCC_WARN_UNDECLARED_SELECTOR = YES;
				GCC_WARN_UNINITIALIZED_AUTOS = YES_AGGRESSIVE;
				GCC_WARN_UNUSED_FUNCTION = YES;
				GCC_WARN_UNUSED_VARIABLE = YES;
				IPHONEOS_DEPLOYMENT_TARGET = 7.1;
				ONLY_ACTIVE_ARCH = YES;
				SDKROOT = iphoneos;
			};
			name = Debug;
		};
		46961A7B19B6A8810090FA63 /* Release */ = {
			isa = XCBuildConfiguration;
			buildSettings = {
				ALWAYS_SEARCH_USER_PATHS = NO;
				CLANG_CXX_LANGUAGE_STANDARD = "gnu++0x";
				CLANG_CXX_LIBRARY = "libc++";
				CLANG_ENABLE_MODULES = YES;
				CLANG_ENABLE_OBJC_ARC = YES;
				CLANG_WARN_BOOL_CONVERSION = YES;
				CLANG_WARN_CONSTANT_CONVERSION = YES;
				CLANG_WARN_DIRECT_OBJC_ISA_USAGE = YES_ERROR;
				CLANG_WARN_EMPTY_BODY = YES;
				CLANG_WARN_ENUM_CONVERSION = YES;
				CLANG_WARN_INT_CONVERSION = YES;
				CLANG_WARN_OBJC_ROOT_CLASS = YES_ERROR;
				CLANG_WARN__DUPLICATE_METHOD_MATCH = YES;
				"CODE_SIGN_IDENTITY[sdk=iphoneos*]" = "iPhone Developer";
				COPY_PHASE_STRIP = YES;
				ENABLE_NS_ASSERTIONS = NO;
				GCC_C_LANGUAGE_STANDARD = gnu99;
				GCC_WARN_64_TO_32_BIT_CONVERSION = YES;
				GCC_WARN_ABOUT_RETURN_TYPE = YES_ERROR;
				GCC_WARN_UNDECLARED_SELECTOR = YES;
				GCC_WARN_UNINITIALIZED_AUTOS = YES_AGGRESSIVE;
				GCC_WARN_UNUSED_FUNCTION = YES;
				GCC_WARN_UNUSED_VARIABLE = YES;
				IPHONEOS_DEPLOYMENT_TARGET = 7.1;
				SDKROOT = iphoneos;
				VALIDATE_PRODUCT = YES;
			};
			name = Release;
		};
		46961A7D19B6A8810090FA63 /* Debug */ = {
			isa = XCBuildConfiguration;
			buildSettings = {
				ASSETCATALOG_COMPILER_APPICON_NAME = AppIcon;
				ASSETCATALOG_COMPILER_LAUNCHIMAGE_NAME = LaunchImage;
				GCC_PRECOMPILE_PREFIX_HEADER = YES;
				GCC_PREFIX_HEADER = "Git Test/Git Test-Prefix.pch";
				INFOPLIST_FILE = "Git Test/Git Test-Info.plist";
				PRODUCT_NAME = "$(TARGET_NAME)";
				WRAPPER_EXTENSION = app;
			};
			name = Debug;
		};
		46961A7E19B6A8810090FA63 /* Release */ = {
			isa = XCBuildConfiguration;
			buildSettings = {
				ASSETCATALOG_COMPILER_APPICON_NAME = AppIcon;
				ASSETCATALOG_COMPILER_LAUNCHIMAGE_NAME = LaunchImage;
				GCC_PRECOMPILE_PREFIX_HEADER = YES;
				GCC_PREFIX_HEADER = "Git Test/Git Test-Prefix.pch";
				INFOPLIST_FILE = "Git Test/Git Test-Info.plist";
				PRODUCT_NAME = "$(TARGET_NAME)";
				WRAPPER_EXTENSION = app;
			};
			name = Release;
		};
		46961A8019B6A8810090FA63 /* Debug */ = {
			isa = XCBuildConfiguration;
			buildSettings = {
				BUNDLE_LOADER = "$(BUILT_PRODUCTS_DIR)/Git Test.app/Git Test";
				FRAMEWORK_SEARCH_PATHS = (
					"$(SDKROOT)/Developer/Library/Frameworks",
					"$(inherited)",
					"$(DEVELOPER_FRAMEWORKS_DIR)",
				);
				GCC_PRECOMPILE_PREFIX_HEADER = YES;
				GCC_PREFIX_HEADER = "Git Test/Git Test-Prefix.pch";
				GCC_PREPROCESSOR_DEFINITIONS = (
					"DEBUG=1",
					"$(inherited)",
				);
				INFOPLIST_FILE = "Git TestTests/Git TestTests-Info.plist";
				PRODUCT_NAME = "$(TARGET_NAME)";
				TEST_HOST = "$(BUNDLE_LOADER)";
				WRAPPER_EXTENSION = xctest;
			};
			name = Debug;
		};
		46961A8119B6A8810090FA63 /* Release */ = {
			isa = XCBuildConfiguration;
			buildSettings = {
				BUNDLE_LOADER = "$(BUILT_PRODUCTS_DIR)/Git Test.app/Git Test";
				FRAMEWORK_SEARCH_PATHS = (
					"$(SDKROOT)/Developer/Library/Frameworks",
					"$(inherited)",
					"$(DEVELOPER_FRAMEWORKS_DIR)",
				);
				GCC_PRECOMPILE_PREFIX_HEADER = YES;
				GCC_PREFIX_HEADER = "Git Test/Git Test-Prefix.pch";
				INFOPLIST_FILE = "Git TestTests/Git TestTests-Info.plist";
				PRODUCT_NAME = "$(TARGET_NAME)";
				TEST_HOST = "$(BUNDLE_LOADER)";
				WRAPPER_EXTENSION = xctest;
			};
			name = Release;
		};
/* End XCBuildConfiguration section */

/* Begin XCConfigurationList section */
		46961A4519B6A8810090FA63 /* Build configuration list for PBXProject "Git Test" */ = {
			isa = XCConfigurationList;
			buildConfigurations = (
				46961A7A19B6A8810090FA63 /* Debug */,
				46961A7B19B6A8810090FA63 /* Release */,
			);
			defaultConfigurationIsVisible = 0;
			defaultConfigurationName = Release;
		};
		46961A7C19B6A8810090FA63 /* Build configuration list for PBXNativeTarget "Git Test" */ = {
			isa = XCConfigurationList;
			buildConfigurations = (
				46961A7D19B6A8810090FA63 /* Debug */,
				46961A7E19B6A8810090FA63 /* Release */,
			);
			defaultConfigurationIsVisible = 0;
		};
		46961A7F19B6A8810090FA63 /* Build configuration list for PBXNativeTarget "Git TestTests" */ = {
			isa = XCConfigurationList;
			buildConfigurations = (
				46961A8019B6A8810090FA63 /* Debug */,
				46961A8119B6A8810090FA63 /* Release */,
			);
			defaultConfigurationIsVisible = 0;
		};
/* End XCConfigurationList section */
	};
	rootObject = 46961A4219B6A8810090FA63 /* Project object */;
}
